
Microsoft Visual Studio Solution File, Format Version 12.00
# Visual Studio Version 17
VisualStudioVersion = 17.9.34616.47
MinimumVisualStudioVersion = 10.0.40219.1
Project("{FAE04EC0-301F-11D3-BF4B-00C04F79EFBC}") = "MatchGame", "MatchGame.csproj", "{034E7547-0B41-438A-BB1E-FCDB4E995715}"
EndProject
Global
	GlobalSection(SolutionConfigurationPlatforms) = preSolution
		Debug|Any CPU = Debug|Any CPU
		Release|Any CPU = Release|Any CPU
	EndGlobalSection
	GlobalSection(ProjectConfigurationPlatforms) = postSolution
		{034E7547-0B41-438A-BB1E-FCDB4E995715}.Debug|Any CPU.ActiveCfg = Debug|Any CPU
		{034E7547-0B41-438A-BB1E-FCDB4E995715}.Debug|Any CPU.Build.0 = Debug|Any CPU
		{034E7547-0B41-438A-BB1E-FCDB4E995715}.Release|Any CPU.ActiveCfg = Release|Any CPU
		{034E7547-0B41-438A-BB1E-FCDB4E995715}.Release|Any CPU.Build.0 = Release|Any CPU
	EndGlobalSection
	GlobalSection(SolutionProperties) = preSolution
		HideSolutionNode = FALSE
	EndGlobalSection
	GlobalSection(ExtensibilityGlobals) = postSolution
		SolutionGuid = {A85842B2-C29F-4799-98F4-9868F378AEA9}
	EndGlobalSection
EndGlobal
